{
    "version": 3,
    "terraform_version": "0.11.13",
    "serial": 5,
    "lineage": "64f2dbcc-b74a-b214-1343-819e8b501d0d",
    "modules": [
        {
            "path": [
                "root"
            ],
            "outputs": {},
            "resources": {
                "docker_container.blog_container": {
                    "type": "docker_container",
                    "depends_on": [
                        "docker_container.mysql_container",
                        "docker_image.ghost_image",
                        "docker_network.private_bridge_network",
                        "docker_network.public_bridge_network",
                        "null_resource.sleep"
                    ],
                    "primary": {
                        "id": "480bbede54da7b362d97a78b2a22ba7afd44e4d756b6958397d126a8d1e301ec",
                        "attributes": {
                            "attach": "false",
                            "bridge": "",
                            "command.#": "2",
                            "command.0": "node",
                            "command.1": "current/index.js",
                            "cpu_set": "",
                            "cpu_shares": "0",
                            "devices.#": "0",
                            "dns.#": "0",
                            "dns_opts.#": "0",
                            "dns_search.#": "0",
                            "domainname": "",
                            "entrypoint.#": "1",
                            "entrypoint.0": "docker-entrypoint.sh",
                            "env.#": "13",
                            "env.152749189": "GHOST_CLI_VERSION=1.13.1",
                            "env.1827816": "PATH=/usr/local/sbin:/usr/local/bin:/usr/sbin:/usr/bin:/sbin:/bin",
                            "env.1834585415": "NODE_ENV=production",
                            "env.2089572940": "YARN_VERSION=1.22.0",
                            "env.2388452163": "GHOST_INSTALL=/var/lib/ghost",
                            "env.286725789": "database__connection__user=root",
                            "env.2975949015": "database__client=mysql",
                            "env.3083349939": "database__connection__password=P4sSw0rd0!",
                            "env.3457303461": "database__connection__host=db",
                            "env.3760825227": "database__connection__database=ghost",
                            "env.3819650523": "GHOST_CONTENT=/var/lib/ghost/content",
                            "env.4188363627": "NODE_VERSION=12.16.1",
                            "env.489215602": "GHOST_VERSION=3.12.1",
                            "gateway": "172.21.0.1",
                            "group_add.#": "0",
                            "host.#": "0",
                            "hostname": "480bbede54da",
                            "id": "480bbede54da7b362d97a78b2a22ba7afd44e4d756b6958397d126a8d1e301ec",
                            "image": "sha256:35b837d6bf000e1ebc171e16dfd6b1347417b1810d3d6c20a6f66a9695358a58",
                            "ip_address": "172.21.0.2",
                            "ip_prefix_length": "16",
                            "ipc_mode": "private",
                            "labels.#": "0",
                            "links.#": "0",
                            "log_driver": "json-file",
                            "log_opts.%": "0",
                            "logs": "false",
                            "max_retry_count": "0",
                            "memory": "0",
                            "memory_swap": "0",
                            "mounts.#": "0",
                            "must_run": "true",
                            "name": "ghost_blog",
                            "network_data.#": "2",
                            "network_data.0.gateway": "172.22.0.1",
                            "network_data.0.ip_address": "172.22.0.3",
                            "network_data.0.ip_prefix_length": "16",
                            "network_data.0.network_name": "ghost_mysql_internal",
                            "network_data.1.gateway": "172.21.0.1",
                            "network_data.1.ip_address": "172.21.0.2",
                            "network_data.1.ip_prefix_length": "16",
                            "network_data.1.network_name": "public_ghost_network",
                            "network_mode": "default",
                            "networks_advanced.#": "2",
                            "networks_advanced.2661868645.aliases.#": "1",
                            "networks_advanced.2661868645.aliases.55808161": "ghost",
                            "networks_advanced.2661868645.ipv4_address": "",
                            "networks_advanced.2661868645.ipv6_address": "",
                            "networks_advanced.2661868645.name": "public_ghost_network",
                            "networks_advanced.3593933736.aliases.#": "1",
                            "networks_advanced.3593933736.aliases.55808161": "ghost",
                            "networks_advanced.3593933736.ipv4_address": "",
                            "networks_advanced.3593933736.ipv6_address": "",
                            "networks_advanced.3593933736.name": "ghost_mysql_internal",
                            "pid_mode": "",
                            "ports.#": "1",
                            "ports.0.external": "8082",
                            "ports.0.internal": "2368",
                            "ports.0.ip": "0.0.0.0",
                            "ports.0.protocol": "tcp",
                            "privileged": "false",
                            "publish_all_ports": "false",
                            "read_only": "false",
                            "restart": "no",
                            "rm": "false",
                            "shm_size": "64",
                            "start": "true",
                            "sysctls.%": "0",
                            "tmpfs.%": "0",
                            "ulimit.#": "0",
                            "user": "",
                            "userns_mode": "",
                            "working_dir": "/var/lib/ghost"
                        },
                        "meta": {
                            "schema_version": "2"
                        },
                        "tainted": false
                    },
                    "deposed": [],
                    "provider": "provider.docker"
                },
                "docker_container.mysql_container": {
                    "type": "docker_container",
                    "depends_on": [
                        "docker_image.mysql_image",
                        "docker_network.private_bridge_network"
                    ],
                    "primary": {
                        "id": "a30dc121ef5fcef5cb87fd8a6a13175f8cd8ce91722ed5ed6ed290560737160e",
                        "attributes": {
                            "attach": "false",
                            "bridge": "",
                            "command.#": "1",
                            "command.0": "mysqld",
                            "cpu_set": "",
                            "cpu_shares": "0",
                            "devices.#": "0",
                            "dns.#": "0",
                            "dns_opts.#": "0",
                            "dns_search.#": "0",
                            "domainname": "",
                            "entrypoint.#": "1",
                            "entrypoint.0": "docker-entrypoint.sh",
                            "env.#": "5",
                            "env.1827816": "PATH=/usr/local/sbin:/usr/local/bin:/usr/sbin:/usr/bin:/sbin:/bin",
                            "env.1963307837": "MYSQL_ROOT_PASSWORD=P4sSw0rd0!",
                            "env.2482403830": "GOSU_VERSION=1.7",
                            "env.3938428504": "MYSQL_MAJOR=5.7",
                            "env.87922481": "MYSQL_VERSION=5.7.29-1debian10",
                            "gateway": "172.22.0.1",
                            "group_add.#": "0",
                            "host.#": "0",
                            "hostname": "a30dc121ef5f",
                            "id": "a30dc121ef5fcef5cb87fd8a6a13175f8cd8ce91722ed5ed6ed290560737160e",
                            "image": "sha256:413be204e9c34f31476a0680b6521873fb519c749693b181228ff47492a7fe3b",
                            "ip_address": "172.22.0.2",
                            "ip_prefix_length": "16",
                            "ipc_mode": "private",
                            "labels.#": "0",
                            "links.#": "0",
                            "log_driver": "json-file",
                            "log_opts.%": "0",
                            "logs": "false",
                            "max_retry_count": "0",
                            "memory": "0",
                            "memory_swap": "0",
                            "mounts.#": "0",
                            "must_run": "true",
                            "name": "ghost_database",
                            "network_data.#": "1",
                            "network_data.0.gateway": "172.22.0.1",
                            "network_data.0.ip_address": "172.22.0.2",
                            "network_data.0.ip_prefix_length": "16",
                            "network_data.0.network_name": "ghost_mysql_internal",
                            "network_mode": "default",
                            "networks_advanced.#": "1",
                            "networks_advanced.2205594070.aliases.#": "1",
                            "networks_advanced.2205594070.aliases.3824466984": "db",
                            "networks_advanced.2205594070.ipv4_address": "",
                            "networks_advanced.2205594070.ipv6_address": "",
                            "networks_advanced.2205594070.name": "ghost_mysql_internal",
                            "pid_mode": "",
                            "ports.#": "0",
                            "privileged": "false",
                            "publish_all_ports": "false",
                            "read_only": "false",
                            "restart": "no",
                            "rm": "false",
                            "shm_size": "64",
                            "start": "true",
                            "sysctls.%": "0",
                            "tmpfs.%": "0",
                            "ulimit.#": "0",
                            "user": "",
                            "userns_mode": "",
                            "working_dir": ""
                        },
                        "meta": {
                            "schema_version": "2"
                        },
                        "tainted": false
                    },
                    "deposed": [],
                    "provider": "provider.docker"
                },
                "docker_image.ghost_image": {
                    "type": "docker_image",
                    "depends_on": [],
                    "primary": {
                        "id": "sha256:35b837d6bf000e1ebc171e16dfd6b1347417b1810d3d6c20a6f66a9695358a58ghost:alpine",
                        "attributes": {
                            "id": "sha256:35b837d6bf000e1ebc171e16dfd6b1347417b1810d3d6c20a6f66a9695358a58ghost:alpine",
                            "latest": "sha256:35b837d6bf000e1ebc171e16dfd6b1347417b1810d3d6c20a6f66a9695358a58",
                            "name": "ghost:alpine"
                        },
                        "meta": {},
                        "tainted": false
                    },
                    "deposed": [],
                    "provider": "provider.docker"
                },
                "docker_image.mysql_image": {
                    "type": "docker_image",
                    "depends_on": [],
                    "primary": {
                        "id": "sha256:413be204e9c34f31476a0680b6521873fb519c749693b181228ff47492a7fe3bmysql:5.7",
                        "attributes": {
                            "id": "sha256:413be204e9c34f31476a0680b6521873fb519c749693b181228ff47492a7fe3bmysql:5.7",
                            "latest": "sha256:413be204e9c34f31476a0680b6521873fb519c749693b181228ff47492a7fe3b",
                            "name": "mysql:5.7"
                        },
                        "meta": {},
                        "tainted": false
                    },
                    "deposed": [],
                    "provider": "provider.docker"
                },
                "docker_network.private_bridge_network": {
                    "type": "docker_network",
                    "depends_on": [],
                    "primary": {
                        "id": "d4f56e73ce813f5faae547790fdc06c112eb39ca9fad30b940cc99982b679cd2",
                        "attributes": {
                            "attachable": "false",
                            "driver": "bridge",
                            "id": "d4f56e73ce813f5faae547790fdc06c112eb39ca9fad30b940cc99982b679cd2",
                            "ingress": "false",
                            "internal": "true",
                            "ipam_config.#": "1",
                            "ipam_config.3410806427.aux_address.%": "0",
                            "ipam_config.3410806427.gateway": "172.22.0.1",
                            "ipam_config.3410806427.ip_range": "",
                            "ipam_config.3410806427.subnet": "172.22.0.0/16",
                            "ipam_driver": "default",
                            "ipv6": "false",
                            "labels.#": "0",
                            "name": "ghost_mysql_internal",
                            "options.%": "0",
                            "scope": "local"
                        },
                        "meta": {
                            "schema_version": "1"
                        },
                        "tainted": false
                    },
                    "deposed": [],
                    "provider": "provider.docker"
                },
                "docker_network.public_bridge_network": {
                    "type": "docker_network",
                    "depends_on": [],
                    "primary": {
                        "id": "7f3d3449efe24516897f21763ab20e1b33d02afec0c66618eb0a8c389173abd3",
                        "attributes": {
                            "attachable": "false",
                            "driver": "bridge",
                            "id": "7f3d3449efe24516897f21763ab20e1b33d02afec0c66618eb0a8c389173abd3",
                            "ingress": "false",
                            "internal": "false",
                            "ipam_config.#": "1",
                            "ipam_config.2829108542.aux_address.%": "0",
                            "ipam_config.2829108542.gateway": "172.21.0.1",
                            "ipam_config.2829108542.ip_range": "",
                            "ipam_config.2829108542.subnet": "172.21.0.0/16",
                            "ipam_driver": "default",
                            "ipv6": "false",
                            "labels.#": "0",
                            "name": "public_ghost_network",
                            "options.%": "0",
                            "scope": "local"
                        },
                        "meta": {
                            "schema_version": "1"
                        },
                        "tainted": false
                    },
                    "deposed": [],
                    "provider": "provider.docker"
                },
                "null_resource.sleep": {
                    "type": "null_resource",
                    "depends_on": [
                        "docker_container.mysql_container"
                    ],
                    "primary": {
                        "id": "8550579605368034478",
                        "attributes": {
                            "id": "8550579605368034478"
                        },
                        "meta": {},
                        "tainted": false
                    },
                    "deposed": [],
                    "provider": "provider.null"
                }
            },
            "depends_on": []
        }
    ]
}
