{
    "version": 3,
    "terraform_version": "0.11.13",
    "serial": 2,
    "lineage": "5de01d55-349b-bc56-e1bc-3380d63ab508",
    "modules": [
        {
            "path": [
                "root"
            ],
            "outputs": {},
            "resources": {
                "aws_key_pair.tf_auth": {
                    "type": "aws_key_pair",
                    "depends_on": [],
                    "primary": {
                        "id": "tfkey",
                        "attributes": {
                            "fingerprint": "ac:23:1a:b3:2f:d1:f2:e7:7a:f9:a1:07:b7:d0:1e:82",
                            "id": "tfkey",
                            "key_name": "tfkey",
                            "key_pair_id": "key-04606766a0f20fc0f",
                            "public_key": "ssh-rsa AAAAB3NzaC1yc2EAAAADAQABAAABAQC9YPMH++djCeyrHW8B9BVNJwGcGaZBX0SV1EtIMSSuM2ceWJPctEu3gGqPXHqBZGZ7L2XMTGgPk0i/dFWSCZmq4F3wg0RLYLhV6TYRTVPEiUkKJUcS9tmKifabLNBv00oY+1JyJy9MPqI/SNPDfyr5xEPeKGMw8WEOk1KUPweC2lcQMfAoutN6xoKGJ4yRDjM2cEOombUCOXjoKo+h0NacoOwX3v6xjlaLGkTIcsSuQdUkDyMAIngtcbaortM8TX2Rl0reyIgVs7dFFqNrsr5YNv77mF9uwK4F42AGEulQYlHeDbiVLw5fYpXEiPmgdthJfC9hTZSYz5DMj/Y0jkLz cloud_user@rudglazier2c.mylabserver.com",
                            "tags.%": "0"
                        },
                        "meta": {
                            "schema_version": "1"
                        },
                        "tainted": false
                    },
                    "deposed": [],
                    "provider": "provider.aws"
                },
                "data.aws_ami.server_ami": {
                    "type": "aws_ami",
                    "depends_on": [],
                    "primary": {
                        "id": "ami-0915e09cc7ceee3ab",
                        "attributes": {
                            "architecture": "x86_64",
                            "block_device_mappings.#": "1",
                            "block_device_mappings.340275815.device_name": "/dev/xvda",
                            "block_device_mappings.340275815.ebs.%": "6",
                            "block_device_mappings.340275815.ebs.delete_on_termination": "true",
                            "block_device_mappings.340275815.ebs.encrypted": "false",
                            "block_device_mappings.340275815.ebs.iops": "0",
                            "block_device_mappings.340275815.ebs.snapshot_id": "snap-024a04301b08d170a",
                            "block_device_mappings.340275815.ebs.volume_size": "8",
                            "block_device_mappings.340275815.ebs.volume_type": "gp2",
                            "block_device_mappings.340275815.no_device": "",
                            "block_device_mappings.340275815.virtual_name": "",
                            "creation_date": "2020-04-07T05:39:31.000Z",
                            "description": "Amazon Linux AMI 2018.03.0.20200318.2 x86_64 HVM gp2",
                            "filter.#": "1",
                            "filter.2898439165.name": "name",
                            "filter.2898439165.values.#": "1",
                            "filter.2898439165.values.0": "amzn-ami-hvm*-x86_64-gp2",
                            "hypervisor": "xen",
                            "id": "ami-0915e09cc7ceee3ab",
                            "image_id": "ami-0915e09cc7ceee3ab",
                            "image_location": "amazon/amzn-ami-hvm-2018.03.0.20200318.2-x86_64-gp2",
                            "image_owner_alias": "amazon",
                            "image_type": "machine",
                            "most_recent": "true",
                            "name": "amzn-ami-hvm-2018.03.0.20200318.2-x86_64-gp2",
                            "owner_id": "137112412989",
                            "owners.#": "1",
                            "owners.0": "amazon",
                            "product_codes.#": "0",
                            "public": "true",
                            "root_device_name": "/dev/xvda",
                            "root_device_type": "ebs",
                            "root_snapshot_id": "snap-024a04301b08d170a",
                            "sriov_net_support": "simple",
                            "state": "available",
                            "state_reason.%": "2",
                            "state_reason.code": "UNSET",
                            "state_reason.message": "UNSET",
                            "tags.%": "0",
                            "virtualization_type": "hvm"
                        },
                        "meta": {},
                        "tainted": false
                    },
                    "deposed": [],
                    "provider": "provider.aws"
                }
            },
            "depends_on": []
        }
    ]
}
